
Microsoft Visual Studio Solution File, Format Version 12.00
# Visual Studio Version 17
VisualStudioVersion = 17.9.34723.18
MinimumVisualStudioVersion = 10.0.40219.1
Project("{FAE04EC0-301F-11D3-BF4B-00C04F79EFBC}") = "GatewayAPI", "GatewayAPI.csproj", "{7D74345A-94EA-47EA-BF1E-DF5A459B481B}"
EndProject
Global
	GlobalSection(SolutionConfigurationPlatforms) = preSolution
		Debug|Any CPU = Debug|Any CPU
		Release|Any CPU = Release|Any CPU
	EndGlobalSection
	GlobalSection(ProjectConfigurationPlatforms) = postSolution
		{7D74345A-94EA-47EA-BF1E-DF5A459B481B}.Debug|Any CPU.ActiveCfg = Debug|Any CPU
		{7D74345A-94EA-47EA-BF1E-DF5A459B481B}.Debug|Any CPU.Build.0 = Debug|Any CPU
		{7D74345A-94EA-47EA-BF1E-DF5A459B481B}.Release|Any CPU.ActiveCfg = Release|Any CPU
		{7D74345A-94EA-47EA-BF1E-DF5A459B481B}.Release|Any CPU.Build.0 = Release|Any CPU
	EndGlobalSection
	GlobalSection(SolutionProperties) = preSolution
		HideSolutionNode = FALSE
	EndGlobalSection
	GlobalSection(ExtensibilityGlobals) = postSolution
		SolutionGuid = {D4BD460C-53C9-4702-BFEF-912FC8CD8539}
	EndGlobalSection
EndGlobal
